
Microsoft Visual Studio Solution File, Format Version 12.00
# Visual Studio 15
VisualStudioVersion = 15.0.27703.2018
MinimumVisualStudioVersion = 10.0.40219.1
Project("{FAE04EC0-301F-11D3-BF4B-00C04F79EFBC}") = "ExpenseIt", "ExpenseIt\ExpenseIt.csproj", "{87704470-BB8B-41E2-829B-6B9441CDC6EB}"
EndProject
Global
	GlobalSection(SolutionConfigurationPlatforms) = preSolution
		Debug|Any CPU = Debug|Any CPU
		Release|Any CPU = Release|Any CPU
	EndGlobalSection
	GlobalSection(ProjectConfigurationPlatforms) = postSolution
		{87704470-BB8B-41E2-829B-6B9441CDC6EB}.Debug|Any CPU.ActiveCfg = Debug|Any CPU
		{87704470-BB8B-41E2-829B-6B9441CDC6EB}.Debug|Any CPU.Build.0 = Debug|Any CPU
		{87704470-BB8B-41E2-829B-6B9441CDC6EB}.Release|Any CPU.ActiveCfg = Release|Any CPU
		{87704470-BB8B-41E2-829B-6B9441CDC6EB}.Release|Any CPU.Build.0 = Release|Any CPU
	EndGlobalSection
	GlobalSection(SolutionProperties) = preSolution
		HideSolutionNode = FALSE
	EndGlobalSection
	GlobalSection(ExtensibilityGlobals) = postSolution
		SolutionGuid = {B12660EF-7BB3-4BC4-8AAB-F35553A7EB3F}
	EndGlobalSection
EndGlobal
